
Microsoft Visual Studio Solution File, Format Version 12.00
# Visual Studio Version 17
VisualStudioVersion = 17.11.35327.3
MinimumVisualStudioVersion = 10.0.40219.1
Project("{FAE04EC0-301F-11D3-BF4B-00C04F79EFBC}") = "WaveToMp3Converter", "WaveToMp3Converter\WaveToMp3Converter.csproj", "{5B65B0FD-95B1-4141-B7A1-60F530E1D464}"
EndProject
Project("{2150E333-8FDC-42A3-9474-1A3956D46DE8}") = "ソリューション項目", "ソリューション項目", "{C6943539-3679-4AA3-A134-05AA4630A868}"
	ProjectSection(SolutionItems) = preProject
		LICENSE.txt = LICENSE.txt
		README.md = README.md
	EndProjectSection
EndProject
Global
	GlobalSection(SolutionConfigurationPlatforms) = preSolution
		Debug|Any CPU = Debug|Any CPU
		Release|Any CPU = Release|Any CPU
	EndGlobalSection
	GlobalSection(ProjectConfigurationPlatforms) = postSolution
		{5B65B0FD-95B1-4141-B7A1-60F530E1D464}.Debug|Any CPU.ActiveCfg = Debug|Any CPU
		{5B65B0FD-95B1-4141-B7A1-60F530E1D464}.Debug|Any CPU.Build.0 = Debug|Any CPU
		{5B65B0FD-95B1-4141-B7A1-60F530E1D464}.Release|Any CPU.ActiveCfg = Release|Any CPU
		{5B65B0FD-95B1-4141-B7A1-60F530E1D464}.Release|Any CPU.Build.0 = Release|Any CPU
	EndGlobalSection
	GlobalSection(SolutionProperties) = preSolution
		HideSolutionNode = FALSE
	EndGlobalSection
	GlobalSection(ExtensibilityGlobals) = postSolution
		SolutionGuid = {B27E8FDD-73FB-4AFB-9B2C-1859DB83F173}
	EndGlobalSection
EndGlobal
